
Microsoft Visual Studio Solution File, Format Version 12.00
# Visual Studio Version 17
VisualStudioVersion = 17.2.32616.157
MinimumVisualStudioVersion = 10.0.40219.1
Project("{FAE04EC0-301F-11D3-BF4B-00C04F79EFBC}") = "UnknownBytePattern_ReplaceAll", "UnknownBytePattern_ReplaceAll\UnknownBytePattern_ReplaceAll.csproj", "{C2838926-7B52-40D0-B01F-C2CF60A8FFC3}"
EndProject
Global
	GlobalSection(SolutionConfigurationPlatforms) = preSolution
		Debug|Any CPU = Debug|Any CPU
		Release|Any CPU = Release|Any CPU
	EndGlobalSection
	GlobalSection(ProjectConfigurationPlatforms) = postSolution
		{C2838926-7B52-40D0-B01F-C2CF60A8FFC3}.Debug|Any CPU.ActiveCfg = Debug|Any CPU
		{C2838926-7B52-40D0-B01F-C2CF60A8FFC3}.Debug|Any CPU.Build.0 = Debug|Any CPU
		{C2838926-7B52-40D0-B01F-C2CF60A8FFC3}.Release|Any CPU.ActiveCfg = Release|Any CPU
		{C2838926-7B52-40D0-B01F-C2CF60A8FFC3}.Release|Any CPU.Build.0 = Release|Any CPU
	EndGlobalSection
	GlobalSection(SolutionProperties) = preSolution
		HideSolutionNode = FALSE
	EndGlobalSection
	GlobalSection(ExtensibilityGlobals) = postSolution
		SolutionGuid = {EF6F6B57-5B5E-4B6E-8D01-F566D1EB1B32}
	EndGlobalSection
EndGlobal
